// !$*UTF8*$!
{
	archiveVersion = 1;
	classes = {
	};
	objectVersion = 77;
	objects = {

/* Begin PBXContainerItemProxy section */
		065380942DE796A500D099AC /* PBXContainerItemProxy */ = {
			isa = PBXContainerItemProxy;
			containerPortal = 065380722DE796A400D099AC /* Project object */;
			proxyType = 1;
			remoteGlobalIDString = 065380792DE796A400D099AC;
			remoteInfo = ITRockChallenge;
		};
		0653809E2DE796A500D099AC /* PBXContainerItemProxy */ = {
			isa = PBXContainerItemProxy;
			containerPortal = 065380722DE796A400D099AC /* Project object */;
			proxyType = 1;
			remoteGlobalIDString = 065380792DE796A400D099AC;
			remoteInfo = ITRockChallenge;
		};
/* End PBXContainerItemProxy section */

/* Begin PBXFileReference section */
		0653807A2DE796A400D099AC /* ITRockChallenge.app */ = {isa = PBXFileReference; explicitFileType = wrapper.application; includeInIndex = 0; path = ITRockChallenge.app; sourceTree = BUILT_PRODUCTS_DIR; };
		065380932DE796A500D099AC /* ITRockChallengeTests.xctest */ = {isa = PBXFileReference; explicitFileType = wrapper.cfbundle; includeInIndex = 0; path = ITRockChallengeTests.xctest; sourceTree = BUILT_PRODUCTS_DIR; };
		0653809D2DE796A500D099AC /* ITRockChallengeUITests.xctest */ = {isa = PBXFileReference; explicitFileType = wrapper.cfbundle; includeInIndex = 0; path = ITRockChallengeUITests.xctest; sourceTree = BUILT_PRODUCTS_DIR; };
/* End PBXFileReference section */

/* Begin PBXFileSystemSynchronizedBuildFileExceptionSet section */
		065380A52DE796A500D099AC /* Exceptions for "ITRockChallenge" folder in "ITRockChallenge" target */ = {
			isa = PBXFileSystemSynchronizedBuildFileExceptionSet;
			membershipExceptions = (
				Info.plist,
			);
			target = 065380792DE796A400D099AC /* ITRockChallenge */;
		};
/* End PBXFileSystemSynchronizedBuildFileExceptionSet section */

/* Begin PBXFileSystemSynchronizedRootGroup section */
		0653807C2DE796A400D099AC /* ITRockChallenge */ = {
			isa = PBXFileSystemSynchronizedRootGroup;
			exceptions = (
				065380A52DE796A500D099AC /* Exceptions for "ITRockChallenge" folder in "ITRockChallenge" target */,
			);
			path = ITRockChallenge;
			sourceTree = "<group>";
		};
		065380962DE796A500D099AC /* ITRockChallengeTests */ = {
			isa = PBXFileSystemSynchronizedRootGroup;
			path = ITRockChallengeTests;
			sourceTree = "<group>";
		};
		065380A02DE796A500D099AC /* ITRockChallengeUITests */ = {
			isa = PBXFileSystemSynchronizedRootGroup;
			path = ITRockChallengeUITests;
			sourceTree = "<group>";
		};
/* End PBXFileSystemSynchronizedRootGroup section */

/* Begin PBXFrameworksBuildPhase section */
		065380772DE796A400D099AC /* Frameworks */ = {
			isa = PBXFrameworksBuildPhase;
			buildActionMask = 2147483647;
			files = (
			);
			runOnlyForDeploymentPostprocessing = 0;
		};
		065380902DE796A500D099AC /* Frameworks */ = {
			isa = PBXFrameworksBuildPhase;
			buildActionMask = 2147483647;
			files = (
			);
			runOnlyForDeploymentPostprocessing = 0;
		};
		0653809A2DE796A500D099AC /* Frameworks */ = {
			isa = PBXFrameworksBuildPhase;
			buildActionMask = 2147483647;
			files = (
			);
			runOnlyForDeploymentPostprocessing = 0;
		};
/* End PBXFrameworksBuildPhase section */

/* Begin PBXGroup section */
		065380712DE796A400D099AC = {
			isa = PBXGroup;
			children = (
				0653807C2DE796A400D099AC /* ITRockChallenge */,
				065380962DE796A500D099AC /* ITRockChallengeTests */,
				065380A02DE796A500D099AC /* ITRockChallengeUITests */,
				0653807B2DE796A400D099AC /* Products */,
			);
			sourceTree = "<group>";
		};
		0653807B2DE796A400D099AC /* Products */ = {
			isa = PBXGroup;
			children = (
				0653807A2DE796A400D099AC /* ITRockChallenge.app */,
				065380932DE796A500D099AC /* ITRockChallengeTests.xctest */,
				0653809D2DE796A500D099AC /* ITRockChallengeUITests.xctest */,
			);
			name = Products;
			sourceTree = "<group>";
		};
/* End PBXGroup section */

/* Begin PBXNativeTarget section */
		065380792DE796A400D099AC /* ITRockChallenge */ = {
			isa = PBXNativeTarget;
			buildConfigurationList = 065380A62DE796A500D099AC /* Build configuration list for PBXNativeTarget "ITRockChallenge" */;
			buildPhases = (
				065380762DE796A400D099AC /* Sources */,
				065380772DE796A400D099AC /* Frameworks */,
				065380782DE796A400D099AC /* Resources */,
			);
			buildRules = (
			);
			dependencies = (
			);
			fileSystemSynchronizedGroups = (
				0653807C2DE796A400D099AC /* ITRockChallenge */,
			);
			name = ITRockChallenge;
			packageProductDependencies = (
			);
			productName = ITRockChallenge;
			productReference = 0653807A2DE796A400D099AC /* ITRockChallenge.app */;
			productType = "com.apple.product-type.application";
		};
		065380922DE796A500D099AC /* ITRockChallengeTests */ = {
			isa = PBXNativeTarget;
			buildConfigurationList = 065380AB2DE796A500D099AC /* Build configuration list for PBXNativeTarget "ITRockChallengeTests" */;
			buildPhases = (
				0653808F2DE796A500D099AC /* Sources */,
				065380902DE796A500D099AC /* Frameworks */,
				065380912DE796A500D099AC /* Resources */,
			);
			buildRules = (
			);
			dependencies = (
				065380952DE796A500D099AC /* PBXTargetDependency */,
			);
			fileSystemSynchronizedGroups = (
				065380962DE796A500D099AC /* ITRockChallengeTests */,
			);
			name = ITRockChallengeTests;
			packageProductDependencies = (
			);
			productName = ITRockChallengeTests;
			productReference = 065380932DE796A500D099AC /* ITRockChallengeTests.xctest */;
			productType = "com.apple.product-type.bundle.unit-test";
		};
		0653809C2DE796A500D099AC /* ITRockChallengeUITests */ = {
			isa = PBXNativeTarget;
			buildConfigurationList = 065380AE2DE796A500D099AC /* Build configuration list for PBXNativeTarget "ITRockChallengeUITests" */;
			buildPhases = (
				065380992DE796A500D099AC /* Sources */,
				0653809A2DE796A500D099AC /* Frameworks */,
				0653809B2DE796A500D099AC /* Resources */,
			);
			buildRules = (
			);
			dependencies = (
				0653809F2DE796A500D099AC /* PBXTargetDependency */,
			);
			fileSystemSynchronizedGroups = (
				065380A02DE796A500D099AC /* ITRockChallengeUITests */,
			);
			name = ITRockChallengeUITests;
			packageProductDependencies = (
			);
			productName = ITRockChallengeUITests;
			productReference = 0653809D2DE796A500D099AC /* ITRockChallengeUITests.xctest */;
			productType = "com.apple.product-type.bundle.ui-testing";
		};
/* End PBXNativeTarget section */

/* Begin PBXProject section */
		065380722DE796A400D099AC /* Project object */ = {
			isa = PBXProject;
			attributes = {
				BuildIndependentTargetsInParallel = 1;
				LastSwiftUpdateCheck = 1620;
				LastUpgradeCheck = 1620;
				TargetAttributes = {
					065380792DE796A400D099AC = {
						CreatedOnToolsVersion = 16.2;
					};
					065380922DE796A500D099AC = {
						CreatedOnToolsVersion = 16.2;
						TestTargetID = 065380792DE796A400D099AC;
					};
					0653809C2DE796A500D099AC = {
						CreatedOnToolsVersion = 16.2;
						TestTargetID = 065380792DE796A400D099AC;
					};
				};
			};
			buildConfigurationList = 065380752DE796A400D099AC /* Build configuration list for PBXProject "ITRockChallenge" */;
			developmentRegion = en;
			hasScannedForEncodings = 0;
			knownRegions = (
				en,
				Base,
			);
			mainGroup = 065380712DE796A400D099AC;
			minimizedProjectReferenceProxies = 1;
			preferredProjectObjectVersion = 77;
			productRefGroup = 0653807B2DE796A400D099AC /* Products */;
			projectDirPath = "";
			projectRoot = "";
			targets = (
				065380792DE796A400D099AC /* ITRockChallenge */,
				065380922DE796A500D099AC /* ITRockChallengeTests */,
				0653809C2DE796A500D099AC /* ITRockChallengeUITests */,
			);
		};
/* End PBXProject section */

/* Begin PBXResourcesBuildPhase section */
		065380782DE796A400D099AC /* Resources */ = {
			isa = PBXResourcesBuildPhase;
			buildActionMask = 2147483647;
			files = (
			);
			runOnlyForDeploymentPostprocessing = 0;
		};
		065380912DE796A500D099AC /* Resources */ = {
			isa = PBXResourcesBuildPhase;
			buildActionMask = 2147483647;
			files = (
			);
			runOnlyForDeploymentPostprocessing = 0;
		};
		0653809B2DE796A500D099AC /* Resources */ = {
			isa = PBXResourcesBuildPhase;
			buildActionMask = 2147483647;
			files = (
			);
			runOnlyForDeploymentPostprocessing = 0;
		};
/* End PBXResourcesBuildPhase section */

/* Begin PBXSourcesBuildPhase section */
		065380762DE796A400D099AC /* Sources */ = {
			isa = PBXSourcesBuildPhase;
			buildActionMask = 2147483647;
			files = (
			);
			runOnlyForDeploymentPostprocessing = 0;
		};
		0653808F2DE796A500D099AC /* Sources */ = {
			isa = PBXSourcesBuildPhase;
			buildActionMask = 2147483647;
			files = (
			);
			runOnlyForDeploymentPostprocessing = 0;
		};
		065380992DE796A500D099AC /* Sources */ = {
			isa = PBXSourcesBuildPhase;
			buildActionMask = 2147483647;
			files = (
			);
			runOnlyForDeploymentPostprocessing = 0;
		};
/* End PBXSourcesBuildPhase section */

/* Begin PBXTargetDependency section */
		065380952DE796A500D099AC /* PBXTargetDependency */ = {
			isa = PBXTargetDependency;
			target = 065380792DE796A400D099AC /* ITRockChallenge */;
			targetProxy = 065380942DE796A500D099AC /* PBXContainerItemProxy */;
		};
		0653809F2DE796A500D099AC /* PBXTargetDependency */ = {
			isa = PBXTargetDependency;
			target = 065380792DE796A400D099AC /* ITRockChallenge */;
			targetProxy = 0653809E2DE796A500D099AC /* PBXContainerItemProxy */;
		};
/* End PBXTargetDependency section */

/* Begin XCBuildConfiguration section */
		065380A72DE796A500D099AC /* Debug */ = {
			isa = XCBuildConfiguration;
			buildSettings = {
				ASSETCATALOG_COMPILER_APPICON_NAME = AppIcon;
				ASSETCATALOG_COMPILER_GLOBAL_ACCENT_COLOR_NAME = AccentColor;
				CODE_SIGN_STYLE = Automatic;
				CURRENT_PROJECT_VERSION = 1;
				DEVELOPMENT_TEAM = 7AL7L9J57V;
				GENERATE_INFOPLIST_FILE = YES;
				INFOPLIST_FILE = ITRockChallenge/Info.plist;
				INFOPLIST_KEY_UIApplicationSupportsIndirectInputEvents = YES;
				INFOPLIST_KEY_UILaunchStoryboardName = LaunchScreen;
				INFOPLIST_KEY_UIMainStoryboardFile = Login;
				INFOPLIST_KEY_UISupportedInterfaceOrientations_iPad = "UIInterfaceOrientationPortrait UIInterfaceOrientationPortraitUpsideDown UIInterfaceOrientationLandscapeLeft UIInterfaceOrientationLandscapeRight";
				INFOPLIST_KEY_UISupportedInterfaceOrientations_iPhone = "UIInterfaceOrientationPortrait UIInterfaceOrientationLandscapeLeft UIInterfaceOrientationLandscapeRight";
				LD_RUNPATH_SEARCH_PATHS = (
					"$(inherited)",
					"@executable_path/Frameworks",
				);
				MARKETING_VERSION = 1.0;
				PRODUCT_BUNDLE_IDENTIFIER = "Nehuen-R.ITRockChallenge";
				PRODUCT_NAME = "$(TARGET_NAME)";
				SWIFT_EMIT_LOC_STRINGS = YES;
				SWIFT_VERSION = 5.0;
				TARGETED_DEVICE_FAMILY = "1,2";
			};
			name = Debug;
		};
		065380A82DE796A500D099AC /* Release */ = {
			isa = XCBuildConfiguration;
			buildSettings = {
				ASSETCATALOG_COMPILER_APPICON_NAME = AppIcon;
				ASSETCATALOG_COMPILER_GLOBAL_ACCENT_COLOR_NAME = AccentColor;
				CODE_SIGN_STYLE = Automatic;
				CURRENT_PROJECT_VERSION = 1;
				DEVELOPMENT_TEAM = 7AL7L9J57V;
				GENERATE_INFOPLIST_FILE = YES;
				INFOPLIST_FILE = ITRockChallenge/Info.plist;
				INFOPLIST_KEY_UIApplicationSupportsIndirectInputEvents = YES;
				INFOPLIST_KEY_UILaunchStoryboardName = LaunchScreen;
				INFOPLIST_KEY_UIMainStoryboardFile = Login;
				INFOPLIST_KEY_UISupportedInterfaceOrientations_iPad = "UIInterfaceOrientationPortrait UIInterfaceOrientationPortraitUpsideDown UIInterfaceOrientationLandscapeLeft UIInterfaceOrientationLandscapeRight";
				INFOPLIST_KEY_UISupportedInterfaceOrientations_iPhone = "UIInterfaceOrientationPortrait UIInterfaceOrientationLandscapeLeft UIInterfaceOrientationLandscapeRight";
				LD_RUNPATH_SEARCH_PATHS = (
					"$(inherited)",
					"@executable_path/Frameworks",
				);
				MARKETING_VERSION = 1.0;
				PRODUCT_BUNDLE_IDENTIFIER = "Nehuen-R.ITRockChallenge";
				PRODUCT_NAME = "$(TARGET_NAME)";
				SWIFT_EMIT_LOC_STRINGS = YES;
				SWIFT_VERSION = 5.0;
				TARGETED_DEVICE_FAMILY = "1,2";
			};
			name = Release;
		};
		065380A92DE796A500D099AC /* Debug */ = {
			isa = XCBuildConfiguration;
			buildSettings = {
				ALWAYS_SEARCH_USER_PATHS = NO;
				ASSETCATALOG_COMPILER_GENERATE_SWIFT_ASSET_SYMBOL_EXTENSIONS = YES;
				CLANG_ANALYZER_NONNULL = YES;
				CLANG_ANALYZER_NUMBER_OBJECT_CONVERSION = YES_AGGRESSIVE;
				CLANG_CXX_LANGUAGE_STANDARD = "gnu++20";
				CLANG_ENABLE_MODULES = YES;
				CLANG_ENABLE_OBJC_ARC = YES;
				CLANG_ENABLE_OBJC_WEAK = YES;
				CLANG_WARN_BLOCK_CAPTURE_AUTORELEASING = YES;
				CLANG_WARN_BOOL_CONVERSION = YES;
				CLANG_WARN_COMMA = YES;
				CLANG_WARN_CONSTANT_CONVERSION = YES;
				CLANG_WARN_DEPRECATED_OBJC_IMPLEMENTATIONS = YES;
				CLANG_WARN_DIRECT_OBJC_ISA_USAGE = YES_ERROR;
				CLANG_WARN_DOCUMENTATION_COMMENTS = YES;
				CLANG_WARN_EMPTY_BODY = YES;
				CLANG_WARN_ENUM_CONVERSION = YES;
				CLANG_WARN_INFINITE_RECURSION = YES;
				CLANG_WARN_INT_CONVERSION = YES;
				CLANG_WARN_NON_LITERAL_NULL_CONVERSION = YES;
				CLANG_WARN_OBJC_IMPLICIT_RETAIN_SELF = YES;
				CLANG_WARN_OBJC_LITERAL_CONVERSION = YES;
				CLANG_WARN_OBJC_ROOT_CLASS = YES_ERROR;
				CLANG_WARN_QUOTED_INCLUDE_IN_FRAMEWORK_HEADER = YES;
				CLANG_WARN_RANGE_LOOP_ANALYSIS = YES;
				CLANG_WARN_STRICT_PROTOTYPES = YES;
				CLANG_WARN_SUSPICIOUS_MOVE = YES;
				CLANG_WARN_UNGUARDED_AVAILABILITY = YES_AGGRESSIVE;
				CLANG_WARN_UNREACHABLE_CODE = YES;
				CLANG_WARN__DUPLICATE_METHOD_MATCH = YES;
				COPY_PHASE_STRIP = NO;
				DEBUG_INFORMATION_FORMAT = dwarf;
				ENABLE_STRICT_OBJC_MSGSEND = YES;
				ENABLE_TESTABILITY = YES;
				ENABLE_USER_SCRIPT_SANDBOXING = YES;
				GCC_C_LANGUAGE_STANDARD = gnu17;
				GCC_DYNAMIC_NO_PIC = NO;
				GCC_NO_COMMON_BLOCKS = YES;
				GCC_OPTIMIZATION_LEVEL = 0;
				GCC_PREPROCESSOR_DEFINITIONS = (
					"DEBUG=1",
					"$(inherited)",
				);
				GCC_WARN_64_TO_32_BIT_CONVERSION = YES;
				GCC_WARN_ABOUT_RETURN_TYPE = YES_ERROR;
				GCC_WARN_UNDECLARED_SELECTOR = YES;
				GCC_WARN_UNINITIALIZED_AUTOS = YES_AGGRESSIVE;
				GCC_WARN_UNUSED_FUNCTION = YES;
				GCC_WARN_UNUSED_VARIABLE = YES;
				IPHONEOS_DEPLOYMENT_TARGET = 18.2;
				LOCALIZATION_PREFERS_STRING_CATALOGS = YES;
				MTL_ENABLE_DEBUG_INFO = INCLUDE_SOURCE;
				MTL_FAST_MATH = YES;
				ONLY_ACTIVE_ARCH = YES;
				SDKROOT = iphoneos;
				SWIFT_ACTIVE_COMPILATION_CONDITIONS = "DEBUG $(inherited)";
				SWIFT_OPTIMIZATION_LEVEL = "-Onone";
			};
			name = Debug;
		};
		065380AA2DE796A500D099AC /* Release */ = {
			isa = XCBuildConfiguration;
			buildSettings = {
				ALWAYS_SEARCH_USER_PATHS = NO;
				ASSETCATALOG_COMPILER_GENERATE_SWIFT_ASSET_SYMBOL_EXTENSIONS = YES;
				CLANG_ANALYZER_NONNULL = YES;
				CLANG_ANALYZER_NUMBER_OBJECT_CONVERSION = YES_AGGRESSIVE;
				CLANG_CXX_LANGUAGE_STANDARD = "gnu++20";
				CLANG_ENABLE_MODULES = YES;
				CLANG_ENABLE_OBJC_ARC = YES;
				CLANG_ENABLE_OBJC_WEAK = YES;
				CLANG_WARN_BLOCK_CAPTURE_AUTORELEASING = YES;
				CLANG_WARN_BOOL_CONVERSION = YES;
				CLANG_WARN_COMMA = YES;
				CLANG_WARN_CONSTANT_CONVERSION = YES;
				CLANG_WARN_DEPRECATED_OBJC_IMPLEMENTATIONS = YES;
				CLANG_WARN_DIRECT_OBJC_ISA_USAGE = YES_ERROR;
				CLANG_WARN_DOCUMENTATION_COMMENTS = YES;
				CLANG_WARN_EMPTY_BODY = YES;
				CLANG_WARN_ENUM_CONVERSION = YES;
				CLANG_WARN_INFINITE_RECURSION = YES;
				CLANG_WARN_INT_CONVERSION = YES;
				CLANG_WARN_NON_LITERAL_NULL_CONVERSION = YES;
				CLANG_WARN_OBJC_IMPLICIT_RETAIN_SELF = YES;
				CLANG_WARN_OBJC_LITERAL_CONVERSION = YES;
				CLANG_WARN_OBJC_ROOT_CLASS = YES_ERROR;
				CLANG_WARN_QUOTED_INCLUDE_IN_FRAMEWORK_HEADER = YES;
				CLANG_WARN_RANGE_LOOP_ANALYSIS = YES;
				CLANG_WARN_STRICT_PROTOTYPES = YES;
				CLANG_WARN_SUSPICIOUS_MOVE = YES;
				CLANG_WARN_UNGUARDED_AVAILABILITY = YES_AGGRESSIVE;
				CLANG_WARN_UNREACHABLE_CODE = YES;
				CLANG_WARN__DUPLICATE_METHOD_MATCH = YES;
				COPY_PHASE_STRIP = NO;
				DEBUG_INFORMATION_FORMAT = "dwarf-with-dsym";
				ENABLE_NS_ASSERTIONS = NO;
				ENABLE_STRICT_OBJC_MSGSEND = YES;
				ENABLE_USER_SCRIPT_SANDBOXING = YES;
				GCC_C_LANGUAGE_STANDARD = gnu17;
				GCC_NO_COMMON_BLOCKS = YES;
				GCC_WARN_64_TO_32_BIT_CONVERSION = YES;
				GCC_WARN_ABOUT_RETURN_TYPE = YES_ERROR;
				GCC_WARN_UNDECLARED_SELECTOR = YES;
				GCC_WARN_UNINITIALIZED_AUTOS = YES_AGGRESSIVE;
				GCC_WARN_UNUSED_FUNCTION = YES;
				GCC_WARN_UNUSED_VARIABLE = YES;
				IPHONEOS_DEPLOYMENT_TARGET = 18.2;
				LOCALIZATION_PREFERS_STRING_CATALOGS = YES;
				MTL_ENABLE_DEBUG_INFO = NO;
				MTL_FAST_MATH = YES;
				SDKROOT = iphoneos;
				SWIFT_COMPILATION_MODE = wholemodule;
				VALIDATE_PRODUCT = YES;
			};
			name = Release;
		};
		065380AC2DE796A500D099AC /* Debug */ = {
			isa = XCBuildConfiguration;
			buildSettings = {
				BUNDLE_LOADER = "$(TEST_HOST)";
				CODE_SIGN_STYLE = Automatic;
				CURRENT_PROJECT_VERSION = 1;
				GENERATE_INFOPLIST_FILE = YES;
				IPHONEOS_DEPLOYMENT_TARGET = 18.2;
				MARKETING_VERSION = 1.0;
				PRODUCT_BUNDLE_IDENTIFIER = "Nehuen-R.ITRockChallengeTests";
				PRODUCT_NAME = "$(TARGET_NAME)";
				SWIFT_EMIT_LOC_STRINGS = NO;
				SWIFT_VERSION = 5.0;
				TARGETED_DEVICE_FAMILY = "1,2";
				TEST_HOST = "$(BUILT_PRODUCTS_DIR)/ITRockChallenge.app/$(BUNDLE_EXECUTABLE_FOLDER_PATH)/ITRockChallenge";
			};
			name = Debug;
		};
		065380AD2DE796A500D099AC /* Release */ = {
			isa = XCBuildConfiguration;
			buildSettings = {
				BUNDLE_LOADER = "$(TEST_HOST)";
				CODE_SIGN_STYLE = Automatic;
				CURRENT_PROJECT_VERSION = 1;
				GENERATE_INFOPLIST_FILE = YES;
				IPHONEOS_DEPLOYMENT_TARGET = 18.2;
				MARKETING_VERSION = 1.0;
				PRODUCT_BUNDLE_IDENTIFIER = "Nehuen-R.ITRockChallengeTests";
				PRODUCT_NAME = "$(TARGET_NAME)";
				SWIFT_EMIT_LOC_STRINGS = NO;
				SWIFT_VERSION = 5.0;
				TARGETED_DEVICE_FAMILY = "1,2";
				TEST_HOST = "$(BUILT_PRODUCTS_DIR)/ITRockChallenge.app/$(BUNDLE_EXECUTABLE_FOLDER_PATH)/ITRockChallenge";
			};
			name = Release;
		};
		065380AF2DE796A500D099AC /* Debug */ = {
			isa = XCBuildConfiguration;
			buildSettings = {
				CODE_SIGN_STYLE = Automatic;
				CURRENT_PROJECT_VERSION = 1;
				GENERATE_INFOPLIST_FILE = YES;
				MARKETING_VERSION = 1.0;
				PRODUCT_BUNDLE_IDENTIFIER = "Nehuen-R.ITRockChallengeUITests";
				PRODUCT_NAME = "$(TARGET_NAME)";
				SWIFT_EMIT_LOC_STRINGS = NO;
				SWIFT_VERSION = 5.0;
				TARGETED_DEVICE_FAMILY = "1,2";
				TEST_TARGET_NAME = ITRockChallenge;
			};
			name = Debug;
		};
		065380B02DE796A500D099AC /* Release */ = {
			isa = XCBuildConfiguration;
			buildSettings = {
				CODE_SIGN_STYLE = Automatic;
				CURRENT_PROJECT_VERSION = 1;
				GENERATE_INFOPLIST_FILE = YES;
				MARKETING_VERSION = 1.0;
				PRODUCT_BUNDLE_IDENTIFIER = "Nehuen-R.ITRockChallengeUITests";
				PRODUCT_NAME = "$(TARGET_NAME)";
				SWIFT_EMIT_LOC_STRINGS = NO;
				SWIFT_VERSION = 5.0;
				TARGETED_DEVICE_FAMILY = "1,2";
				TEST_TARGET_NAME = ITRockChallenge;
			};
			name = Release;
		};
/* End XCBuildConfiguration section */

/* Begin XCConfigurationList section */
		065380752DE796A400D099AC /* Build configuration list for PBXProject "ITRockChallenge" */ = {
			isa = XCConfigurationList;
			buildConfigurations = (
				065380A92DE796A500D099AC /* Debug */,
				065380AA2DE796A500D099AC /* Release */,
			);
			defaultConfigurationIsVisible = 0;
			defaultConfigurationName = Release;
		};
		065380A62DE796A500D099AC /* Build configuration list for PBXNativeTarget "ITRockChallenge" */ = {
			isa = XCConfigurationList;
			buildConfigurations = (
				065380A72DE796A500D099AC /* Debug */,
				065380A82DE796A500D099AC /* Release */,
			);
			defaultConfigurationIsVisible = 0;
			defaultConfigurationName = Release;
		};
		065380AB2DE796A500D099AC /* Build configuration list for PBXNativeTarget "ITRockChallengeTests" */ = {
			isa = XCConfigurationList;
			buildConfigurations = (
				065380AC2DE796A500D099AC /* Debug */,
				065380AD2DE796A500D099AC /* Release */,
			);
			defaultConfigurationIsVisible = 0;
			defaultConfigurationName = Release;
		};
		065380AE2DE796A500D099AC /* Build configuration list for PBXNativeTarget "ITRockChallengeUITests" */ = {
			isa = XCConfigurationList;
			buildConfigurations = (
				065380AF2DE796A500D099AC /* Debug */,
				065380B02DE796A500D099AC /* Release */,
			);
			defaultConfigurationIsVisible = 0;
			defaultConfigurationName = Release;
		};
/* End XCConfigurationList section */
	};
	rootObject = 065380722DE796A400D099AC /* Project object */;
}
